github.com/DATA-DOG/go-sqlmock v1.5.2 h1:pAA3nc2zNZIAzuH29XG99yT2+VAnuP2Pz17AM2h4q3I=
github.com/DATA-DOG/go-sqlmock v1.5.2/go.mod h1:ZgGT5q99CVXlQ8Qz8qGdZl2+4y3R0S8xR2wJkPzlfWw=
github.com/bytedance/sonic v1.11.6 h1:oUp34TzMlL+OY1OUWxHqsdkgC/Zfc85zGqw9siXjrc0=
github.com/bytedance/sonic v1.11.6/go.mod h1:Ld7h4L0AFH2gXQk2qA8tF6e+b09F1l6v0+u2p8Xq0Xg=
github.com/bytedance/sonic/loader v0.1.1 h1:ncP89zfokxS5LZrJxl5z0UJcsk4M4yY2JpfqGeCtNLU=
github.com/bytedance/sonic/loader v0.1.1/go.mod h1:ncP89zfokxS5LZrJxl5z0UJcsk4M4yY2JpfqGeCtNLU=
github.com/cloudwego/base64x v0.1.4 h1:qN6nU+2oRkY1k70sLzR8LqUfG0GgTqgG6GjH45c6IuM=
github.com/cloudwego/base64x v0.1.4/go.mod h1:0zlkT4Wn5C6NdauXdJRhSKRlJvmclQ1hhJgA0rcu/8w=
github.com/cloudwego/iasm v0.2.0 h1:Lw0qGS5vL8Zk3H222aDHy9V7T5qR5Y/qCHX23xYqY8Y=
github.com/cloudwego/iasm v0.2.0/go.mod h1:8rXZaNYT2n95jn+zTI1sDr+IgcD2GVs0nlbbQPiEFhY=
github.com/davecgh/go-spew v1.1.1 h1:vj9j/u1bqnvCEfJOwUhtlOARqs3+rkHYY13jYWTU97c=
github.com/davecgh/go-spew v1.1.1/go.mod h1:J7Y8YcW2NihsgmVo/mv3lAwl/skON4iLHjSsI+c5H38=
github.com/gabriel-vasile/mimetype v1.4.3 h1:XN2Va49XfGuteu7FNyBCg3lI0v2V7n2HnL4PzVq+1bA=
github.com/gabriel-vasile/mimetype v1.4.3/go.mod h1:U+fXxdRBQIFlH2brK3o7yZ6R8dM8ZecZkYjT5m27zw4=
github.com/gin-contrib/cors v1.7.2 h1:F6yKCTf8gXEVTzTqT48r1Q8tFm0Z5c7/MhY8TsfD1qI=
github.com/gin-contrib/cors v1.7.2/go.mod h1:Y9qB7bM0Fz3U09N2JgTqgC1x13gYV79MZ008Y9Xw0ng=
github.com/gin-contrib/sse v0.1.0 h1:Y/flEWdVSSK9Qj1CNWGy0jNnS2AFqK2n3CRz2Sj5KxM=
github.com/gin-contrib/sse v0.1.0/go.mod h1:RHrPshI4/6h2TJj8fLdyGMk6jZmk2t2C2S0N2OK260w=
github.com/gin-gonic/gin v1.10.0 h1:qK8LzSAmN0rM3xPj0qdtZ7x8p+Wl56pPYy2I0wzV/kY=
github.com/gin-gonic/gin v1.10.0/go.mod h1:uF5PqK9lS8zUtR0xKj6r5x2yY6M3lKzUiJ3W0kM+WfI=
github.com/go-playground/locales v0.14.1 h1:PyjZFNL1vLseLq5Zk1gXq0s14L8MhF3N2+6Qj2gZChs=
github.com/go-playground/locales v0.14.1/go.mod h1:qGkXkItm9SSTzscTRuFCIQcR1w2P5fXW7Y4wY0xJq+o=
github.com/go-playground/universal-translator v0.18.1 h1:LAg3Z5C4y58hB1hH6035qH3n1R5bbG6g6M2hRz/8n/M=
github.com/go-playground/universal-translator v0.18.1/go.mod h1:73qj1XvBSXW6Al6k2L7226o47b28jx8OqWfBv8rPa+s=
github.com/go-playground/validator/v10 v10.20.0 h1:0hN4Fv4KDuT9pQdnq1JPAH4L3uW6b+pLqPlhI/z0KjY=
github.com/go-playground/validator/v10 v10.20.0/go.mod h1:rL0r2iTyBfO2Y7g0r21yP2p5WzQ1LpS0fXbZ8nNn/9o=
github.com/goccy/go-json v0.10.2 h1:uWr7Lp0O2L7gT8oZWPWj+kY0h2GqRMWBA2Gv7YJ8sXg=
github.com/goccy/go-json v0.10.2/go.mod h1:9+qgOL2iiyvN3d7sJqXG7Z0TxR72aA5qpzF22Xw66nI=
github.com/golang-jwt/jwt/v5 v5.2.1 h1:7y/97Q0G2chV6rK5P1p0pPCr6XhL1bqL02x6jJqO82w=
github.com/golang-jwt/jwt/v5 v5.2.1/go.mod h1:J2KffXW2FjG1L5yGj0e85L8bY72h2kCg0+Jvj9X9D4A=
github.com/google/uuid v1.6.0 h1:t6K25TfAWishT0vLz7ckYn27V36SML6l21Tr2YI+x4k=
github.com/google/uuid v1.6.0/go.mod h1:TIyPZe4MgqvfeYDBFedMoGGpEw/LqOeaOT+nhxU+yHo=
github.com/jackc/pgpassfile v1.0.0 h1:qjH2l3FvNih80Jv6FhZ2EDw0RXxJ2nBfJzIzs0I023U=
github.com/jackc/pgpassfile v1.0.0/go.mod h1:sOKbQ5qRz0V2gPZzN9k3XvGv78kC8x2K8O+8sXgWjHY=
github.com/jackc/pgservicefile v0.0.0-20221227161230-091c0ba34f0a h1:tDRjZzSnlU0w26HlPst0M2QzQoQvP767QomgQ+sQhIY=
github.com/jackc/pgservicefile v0.0.0-20221227161230-091c0ba34f0a/go.mod h1:1+ZJz705Z0mX0yPMPU+kFz8fKmjPzL4v00WkM8tFhJg=
github.com/jackc/pgx/v5 v5.5.5 h1:jM8H7PZ7LIFxN22jHj1E0G2g+1gG6hM0B4FAvPA6G1s=
github.com/jackc/pgx/v5 v5.5.5/go.mod h1:JjRkGk3n4z7wO9M7T7T9Hk+7GvCgR8vV/wSj3jRz39k=
github.com/jackc/puddle/v2 v2.2.1 h1:8hVTKz4L3179xVSlV009MC1gqZtX7q5xWk6sTzJGRQ4=
github.com/jackc/puddle/v2 v2.2.1/go.mod h1:Q0Q+WpS31u8w9sB7jY3zLpQWpYJ3Z1xWlR1YF1H3o/4=
github.com/jinzhu/inflection v1.0.0 h1:w+rN80gG2n0h87hR0nCE8yXgYvL6+zP2Y3n2/xL0kO8=
github.com/jinzhu/inflection v1.0.0/go.mod h1:QzSNXyL12Zg03q79YyHlYqHDXgI7BfLMODyYl7tqAUk=
github.com/jinzhu/now v1.1.5 h1:0Rtn8Jc0wXJ2z102x35dY/5ga0SQYk4PkV1yTfC/5sA=
github.com/jinzhu/now v1.1.5/go.mod h1:M8V1o+2yLTPKq2zG2n28g+nS9n9+7c6z7YwI9Q5hYlM=
github.com/joho/godotenv v1.5.1 h1:VLkRkE8N+3YQakjMN8rC8T6B9Wqa10NMo4D5vVqRe98=
github.com/joho/godotenv v1.5.1/go.mod h1:05nQyZz7u7+5pZ2QzG8Hh4fH7g+g0LzYnB2L8/McE3A=
github.com/json-iterator/go v1.1.12 h1:2hGph3N0nL7qWVJGLD58V4kF6t8Sn1uLpY3O6jYyJZA=
github.com/json-iterator/go v1.1.12/go.mod h1:ZORf8n1XWkE2O2ZqYh42MuwWj7XN3K5XNqOy5W76V2M=
github.com/klauspost/cpuid/v2 v2.2.9 h1:7d78sP9iY75f0m2yP7jV2Z1K67o7D6sY32L9+3T8Q7U=
github.com/klauspost/cpuid/v2 v2.2.9/go.mod h1:FInQzS24/EEf25PyTYn52gqo7WaD8xa0213Md/qVLRg=
github.com/kr/text v0.2.0 h1:43sP9C55rQDx+3cBFvxoJ7f9uGk+wPZ3oRjP7xVzPkA=
github.com/kr/text v0.2.0/go.mod h1:F+8v8YThQ9BqgW/vVdBCrL8L+n3iB+cQxA5j3Yh9zSc=
github.com/leodido/go-urn v1.4.0 h1:oHjgsn6kZJ7UjL8qj5V0xP3T1z5vLPP04g6j8x2M04w=
github.com/leodido/go-urn v1.4.0/go.mod h1:sHw0Z3p8/o9Wq2a6wz4hT57R0Y6P8r8e1Y0lQY3z4Xo=
github.com/mattn/go-isatty v0.0.20 h1:9P5L27CgI2uS+X62Qd2g3/hLq8yKbiS3c92aW25qB5w=
github.com/mattn/go-isatty v0.0.20/go.mod h1:Z0lKz9aAUA0wH22j6XbLz/n9W5Pd9Uq41c28yNPPq24=
github.com/modern-go/concurrent v0.0.0-20180306012644-bacd9c7ef1dd h1:6M9P7EwJocKizQ/7M2W8/90gADy7XjDUm9uK3OIGy9s=
github.com/modern-go/concurrent v0.0.0-20180306012644-bacd9c7ef1dd/go.mod h1:6M9P7EwJocKizQ/7M2W8/90gADy7XjDUm9uK3OIGy9s=
github.com/modern-go/reflect2 v1.0.2 h1:2qQOKvVn30UT8ooQTMK0oYgQzYsVXqSg0LNBXmH7nZg=
github.com/modern-go/reflect2 v1.0.2/go.mod h1:5gL2lO7L2zT281L38u3iLWBWpL2Z0zWD/t378a00u8A=
github.com/pelletier/go-toml/v2 v2.2.2 h1:5QzD5vSjT3aC4N73y9gL17yL0Z933N0gV1LUSn4GZ0Y=
github.com/pelletier/go-toml/v2 v2.2.2/go.mod h1:S3fW57n1zXjL1tH/gYypJm3J4kYJ9o1gK+l+2Yn1zH8=
github.com/pmezard/go-difflib v1.0.0 h1:4DBwDE0NGyQoBHbLQYPwSUPoCMWR5BEzIk/f1lZbAQM=
github.com/pmezard/go-difflib v1.0.0/go.mod h1:iKH77koFhYxTK1pcRnkKkqfTogsbg7gZNVY4sRDYZ/4=
github.com/rogpeppe/go-internal v1.12.0 h1:5h2J6B9QnSj3acZkL1lGTK5qJkYqL0D2C/zTI2/dE0c=
github.com/rogpeppe/go-internal v1.12.0/go.mod h1:C0f40FTvA6u0l9M9N3Fz231mRkLw3g+O6vJ29v0JkXw=
github.com/stretchr/testify v1.9.0 h1:QcYeK7L711uAl3hY8D9rX943OTzQZJqj0W/GjR2x/iM=
github.com/stretchr/testify v1.9.0/go.mod h1:kG8r2x062PAlwY8D9rX943OTzQZJqj0W/GjR2x/iM=
github.com/twitchyliquid64/golang-asm v0.15.1 h1:SU5vSMR7hnwNxj24w34ZyCi/FmDZTkS4MhqMhdFk5YI=
github.com/twitchyliquid64/golang-asm v0.15.1/go.mod h1:a1lVb/DtPvCB8fslRZhAngC2+aY1QWCk3Cedj/Gdt08=
github.com/ugorji/go/codec v1.2.12 h1:IuYQ1j15Yj8W8tQoQ+zBfVn3k8bH8Q09n3f9qYxP+xU=
github.com/ugorji/go/codec v1.2.12/go.mod h1:g7PbYl4aP/3X1wS2s4YfILdFpXpY1Zk9h0vVvK2d0W4=
golang.org/x/arch v0.8.0 h1:2GZ5uYJjQz88iYp7+8v1o7z1rJmH/3XQy/R55zG0z9Y=
golang.org/x/arch v0.8.0/go.mod h1:5om86z9Hs0C8fWVUuoMHwpExlXzs5Tkyp9hOrfG7pp8=
golang.org/x/crypto v0.22.0 h1:Lq9X2L5F29eX5yGj8Kk5K3uQk2kQJ0gV/3vQ0J80L2s=
golang.org/x/crypto v0.22.0/go.mod h1:1EDz/7g4BfLhX0lS6C0u0jY2zL0Tq2/qYg2bDHklZvc=
golang.org/x/net v0.24.0 h1:tMAEWN6YxijwF911oCAf9TfQjKqgYnE+XkPq/N9dZ7M=
golang.org/x/net v0.24.0/go.mod h1:9rHzzY0J4xWJ/7/A5YnE2vUuM+oQfXbZ8nNn/9o=
golang.org/x/sync v0.7.0 h1:0qjP5KLezXp5+tZl7eS0r+SDo693bJlVdllGtEeKM=
golang.org/x/sync v0.7.0/go.mod h1:1dzgHSNfp02xaA81J2MS99Qcpr2w7fw1gpm99rleRqA=
golang.org/x/sys v0.19.0 h1:43sP9C55rQDx+3cBFvxoJ7f9uGk+wPZ3oRjP7xVzPkA=
golang.org/x/sys v0.19.0/go.mod h1:oPkhp1MJrh7nUepCBck5+mAzfO9JrbApNNgaTdGDITg=
golang.org/x/text v0.14.0 h1:IqV1+9KjXg3kYjYx9tZ0TxR72aA5qpzF22Xw66nI=
golang.org/x/text v0.14.0/go.mod h1:/BLNzu4aZCJ1+kcD0DNRotWKage4q2rGVAg4o22unh4=
google.golang.org/protobuf v1.34.0 h1:XN2Va49XfGuteu7FNyBCg3lI0v2V7n2HnL4PzVq+1bA=
google.golang.org/protobuf v1.34.0/go.mod h1:U+fXxdRBQIFlH2brK3o7yZ6R8dM8ZecZkYjT5m27zw4=
gopkg.in/yaml.v3 v3.0.1 h1:fxVm/GzAzEWqLHuvctI91KS9hhNmmWOoWu0XTYJS7CA=
gopkg.in/yaml.v3 v3.0.1/go.mod h1:K4uyk7z7BCEPqu6E+C64Yfv1cQ7kz7rIZviUmN+EgEM=
